// !$*UTF8*$!
{
	archiveVersion = 1;
	classes = {
	};
	objectVersion = 46;
	objects = {

/* Begin PBXBuildFile section */
		2DB23C3E1F8A1C5500D6E3EB /* NewTransCollectionViewCell.swift in Sources */ = {isa = PBXBuildFile; fileRef = 2DB23C3D1F8A1C5500D6E3EB /* NewTransCollectionViewCell.swift */; };
		2DB23C501F8A20EC00D6E3EB /* img_15.jpg in Resources */ = {isa = PBXBuildFile; fileRef = 2DB23C401F8A20EC00D6E3EB /* img_15.jpg */; };
		2DB23C511F8A20EC00D6E3EB /* img_1.jpg in Resources */ = {isa = PBXBuildFile; fileRef = 2DB23C411F8A20EC00D6E3EB /* img_1.jpg */; };
		2DB23C521F8A20EC00D6E3EB /* img_13.jpg in Resources */ = {isa = PBXBuildFile; fileRef = 2DB23C421F8A20EC00D6E3EB /* img_13.jpg */; };
		2DB23C531F8A20EC00D6E3EB /* img_6.jpg in Resources */ = {isa = PBXBuildFile; fileRef = 2DB23C431F8A20EC00D6E3EB /* img_6.jpg */; };
		2DB23C541F8A20EC00D6E3EB /* img_5.jpg in Resources */ = {isa = PBXBuildFile; fileRef = 2DB23C441F8A20EC00D6E3EB /* img_5.jpg */; };
		2DB23C551F8A20EC00D6E3EB /* img_14.jpg in Resources */ = {isa = PBXBuildFile; fileRef = 2DB23C451F8A20EC00D6E3EB /* img_14.jpg */; };
		2DB23C561F8A20EC00D6E3EB /* img_12.jpg in Resources */ = {isa = PBXBuildFile; fileRef = 2DB23C461F8A20EC00D6E3EB /* img_12.jpg */; };
		2DB23C571F8A20EC00D6E3EB /* img_8.jpg in Resources */ = {isa = PBXBuildFile; fileRef = 2DB23C471F8A20EC00D6E3EB /* img_8.jpg */; };
		2DB23C581F8A20EC00D6E3EB /* img_9.jpg in Resources */ = {isa = PBXBuildFile; fileRef = 2DB23C481F8A20EC00D6E3EB /* img_9.jpg */; };
		2DB23C591F8A20EC00D6E3EB /* img_10.jpg in Resources */ = {isa = PBXBuildFile; fileRef = 2DB23C491F8A20EC00D6E3EB /* img_10.jpg */; };
		2DB23C5A1F8A20EC00D6E3EB /* img_7.jpg in Resources */ = {isa = PBXBuildFile; fileRef = 2DB23C4A1F8A20EC00D6E3EB /* img_7.jpg */; };
		2DB23C5B1F8A20EC00D6E3EB /* img_3.jpg in Resources */ = {isa = PBXBuildFile; fileRef = 2DB23C4B1F8A20EC00D6E3EB /* img_3.jpg */; };
		2DB23C5C1F8A20EC00D6E3EB /* img_11.jpg in Resources */ = {isa = PBXBuildFile; fileRef = 2DB23C4C1F8A20EC00D6E3EB /* img_11.jpg */; };
		2DB23C5D1F8A20EC00D6E3EB /* img_2.jpg in Resources */ = {isa = PBXBuildFile; fileRef = 2DB23C4D1F8A20EC00D6E3EB /* img_2.jpg */; };
		2DB23C5E1F8A20EC00D6E3EB /* img_4.jpg in Resources */ = {isa = PBXBuildFile; fileRef = 2DB23C4E1F8A20EC00D6E3EB /* img_4.jpg */; };
		2DB23C5F1F8A20EC00D6E3EB /* img_16.jpg in Resources */ = {isa = PBXBuildFile; fileRef = 2DB23C4F1F8A20EC00D6E3EB /* img_16.jpg */; };
		2DB23C611F8A301A00D6E3EB /* DataMolel.swift in Sources */ = {isa = PBXBuildFile; fileRef = 2DB23C601F8A301A00D6E3EB /* DataMolel.swift */; };
		2DE038AE1F87729000429941 /* AppDelegate.swift in Sources */ = {isa = PBXBuildFile; fileRef = 2DE038AD1F87729000429941 /* AppDelegate.swift */; };
		2DE038B31F87729000429941 /* Main.storyboard in Resources */ = {isa = PBXBuildFile; fileRef = 2DE038B11F87729000429941 /* Main.storyboard */; };
		2DE038B51F87729000429941 /* Assets.xcassets in Resources */ = {isa = PBXBuildFile; fileRef = 2DE038B41F87729000429941 /* Assets.xcassets */; };
		2DE038B81F87729000429941 /* LaunchScreen.storyboard in Resources */ = {isa = PBXBuildFile; fileRef = 2DE038B61F87729000429941 /* LaunchScreen.storyboard */; };
		2DE038C31F87729000429941 /* WhereIsMyMoneyTests.swift in Sources */ = {isa = PBXBuildFile; fileRef = 2DE038C21F87729000429941 /* WhereIsMyMoneyTests.swift */; };
		2DE038CE1F87729000429941 /* WhereIsMyMoneyUITests.swift in Sources */ = {isa = PBXBuildFile; fileRef = 2DE038CD1F87729000429941 /* WhereIsMyMoneyUITests.swift */; };
		2DE038E21F87737D00429941 /* CrCatCollectionViewCell.swift in Sources */ = {isa = PBXBuildFile; fileRef = 2DE038E11F87737D00429941 /* CrCatCollectionViewCell.swift */; };
		2DE038E41F8773A100429941 /* CategoryModel.swift in Sources */ = {isa = PBXBuildFile; fileRef = 2DE038E31F8773A100429941 /* CategoryModel.swift */; };
		2DE038E61F8773CA00429941 /* NewCategoryVC.swift in Sources */ = {isa = PBXBuildFile; fileRef = 2DE038E51F8773CA00429941 /* NewCategoryVC.swift */; };
		2DE038E81F8773EE00429941 /* CategoryVC.swift in Sources */ = {isa = PBXBuildFile; fileRef = 2DE038E71F8773EE00429941 /* CategoryVC.swift */; };
		2DF34CB51F8ABE5500DCE923 /* TransactionTableViewCell.swift in Sources */ = {isa = PBXBuildFile; fileRef = 2DF34CB41F8ABE5500DCE923 /* TransactionTableViewCell.swift */; };
		2DFABE591F8A953300D7E5AA /* TransactionsVC.swift in Sources */ = {isa = PBXBuildFile; fileRef = 2DFABE581F8A953300D7E5AA /* TransactionsVC.swift */; };
		2DFABE5B1F8A9F1600D7E5AA /* TransactionsModel.swift in Sources */ = {isa = PBXBuildFile; fileRef = 2DFABE5A1F8A9F1600D7E5AA /* TransactionsModel.swift */; };
/* End PBXBuildFile section */

/* Begin PBXContainerItemProxy section */
		2DE038BF1F87729000429941 /* PBXContainerItemProxy */ = {
			isa = PBXContainerItemProxy;
			containerPortal = 2DE038A21F87728F00429941 /* Project object */;
			proxyType = 1;
			remoteGlobalIDString = 2DE038A91F87729000429941;
			remoteInfo = WhereIsMyMoney;
		};
		2DE038CA1F87729000429941 /* PBXContainerItemProxy */ = {
			isa = PBXContainerItemProxy;
			containerPortal = 2DE038A21F87728F00429941 /* Project object */;
			proxyType = 1;
			remoteGlobalIDString = 2DE038A91F87729000429941;
			remoteInfo = WhereIsMyMoney;
		};
/* End PBXContainerItemProxy section */

/* Begin PBXFileReference section */
		2DB23C3D1F8A1C5500D6E3EB /* NewTransCollectionViewCell.swift */ = {isa = PBXFileReference; fileEncoding = 4; lastKnownFileType = sourcecode.swift; path = NewTransCollectionViewCell.swift; sourceTree = "<group>"; };
		2DB23C401F8A20EC00D6E3EB /* img_15.jpg */ = {isa = PBXFileReference; lastKnownFileType = image.jpeg; name = img_15.jpg; path = img/img_15.jpg; sourceTree = SOURCE_ROOT; };
		2DB23C411F8A20EC00D6E3EB /* img_1.jpg */ = {isa = PBXFileReference; lastKnownFileType = image.jpeg; name = img_1.jpg; path = img/img_1.jpg; sourceTree = SOURCE_ROOT; };
		2DB23C421F8A20EC00D6E3EB /* img_13.jpg */ = {isa = PBXFileReference; lastKnownFileType = image.jpeg; name = img_13.jpg; path = img/img_13.jpg; sourceTree = SOURCE_ROOT; };
		2DB23C431F8A20EC00D6E3EB /* img_6.jpg */ = {isa = PBXFileReference; lastKnownFileType = image.jpeg; name = img_6.jpg; path = img/img_6.jpg; sourceTree = SOURCE_ROOT; };
		2DB23C441F8A20EC00D6E3EB /* img_5.jpg */ = {isa = PBXFileReference; lastKnownFileType = image.jpeg; name = img_5.jpg; path = img/img_5.jpg; sourceTree = SOURCE_ROOT; };
		2DB23C451F8A20EC00D6E3EB /* img_14.jpg */ = {isa = PBXFileReference; lastKnownFileType = image.jpeg; name = img_14.jpg; path = img/img_14.jpg; sourceTree = SOURCE_ROOT; };
		2DB23C461F8A20EC00D6E3EB /* img_12.jpg */ = {isa = PBXFileReference; lastKnownFileType = image.jpeg; name = img_12.jpg; path = img/img_12.jpg; sourceTree = SOURCE_ROOT; };
		2DB23C471F8A20EC00D6E3EB /* img_8.jpg */ = {isa = PBXFileReference; lastKnownFileType = image.jpeg; name = img_8.jpg; path = img/img_8.jpg; sourceTree = SOURCE_ROOT; };
		2DB23C481F8A20EC00D6E3EB /* img_9.jpg */ = {isa = PBXFileReference; lastKnownFileType = image.jpeg; name = img_9.jpg; path = img/img_9.jpg; sourceTree = SOURCE_ROOT; };
		2DB23C491F8A20EC00D6E3EB /* img_10.jpg */ = {isa = PBXFileReference; lastKnownFileType = image.jpeg; name = img_10.jpg; path = img/img_10.jpg; sourceTree = SOURCE_ROOT; };
		2DB23C4A1F8A20EC00D6E3EB /* img_7.jpg */ = {isa = PBXFileReference; lastKnownFileType = image.jpeg; name = img_7.jpg; path = img/img_7.jpg; sourceTree = SOURCE_ROOT; };
		2DB23C4B1F8A20EC00D6E3EB /* img_3.jpg */ = {isa = PBXFileReference; lastKnownFileType = image.jpeg; name = img_3.jpg; path = img/img_3.jpg; sourceTree = SOURCE_ROOT; };
		2DB23C4C1F8A20EC00D6E3EB /* img_11.jpg */ = {isa = PBXFileReference; lastKnownFileType = image.jpeg; name = img_11.jpg; path = img/img_11.jpg; sourceTree = SOURCE_ROOT; };
		2DB23C4D1F8A20EC00D6E3EB /* img_2.jpg */ = {isa = PBXFileReference; lastKnownFileType = image.jpeg; name = img_2.jpg; path = img/img_2.jpg; sourceTree = SOURCE_ROOT; };
		2DB23C4E1F8A20EC00D6E3EB /* img_4.jpg */ = {isa = PBXFileReference; lastKnownFileType = image.jpeg; name = img_4.jpg; path = img/img_4.jpg; sourceTree = SOURCE_ROOT; };
		2DB23C4F1F8A20EC00D6E3EB /* img_16.jpg */ = {isa = PBXFileReference; lastKnownFileType = image.jpeg; name = img_16.jpg; path = img/img_16.jpg; sourceTree = SOURCE_ROOT; };
		2DB23C601F8A301A00D6E3EB /* DataMolel.swift */ = {isa = PBXFileReference; fileEncoding = 4; lastKnownFileType = sourcecode.swift; path = DataMolel.swift; sourceTree = "<group>"; };
		2DE038AA1F87729000429941 /* WhereIsMyMoney.app */ = {isa = PBXFileReference; explicitFileType = wrapper.application; includeInIndex = 0; path = WhereIsMyMoney.app; sourceTree = BUILT_PRODUCTS_DIR; };
		2DE038AD1F87729000429941 /* AppDelegate.swift */ = {isa = PBXFileReference; lastKnownFileType = sourcecode.swift; path = AppDelegate.swift; sourceTree = "<group>"; };
		2DE038B21F87729000429941 /* Base */ = {isa = PBXFileReference; lastKnownFileType = file.storyboard; name = Base; path = Base.lproj/Main.storyboard; sourceTree = "<group>"; };
		2DE038B41F87729000429941 /* Assets.xcassets */ = {isa = PBXFileReference; lastKnownFileType = folder.assetcatalog; path = Assets.xcassets; sourceTree = "<group>"; };
		2DE038B71F87729000429941 /* Base */ = {isa = PBXFileReference; lastKnownFileType = file.storyboard; name = Base; path = Base.lproj/LaunchScreen.storyboard; sourceTree = "<group>"; };
		2DE038B91F87729000429941 /* Info.plist */ = {isa = PBXFileReference; lastKnownFileType = text.plist.xml; path = Info.plist; sourceTree = "<group>"; };
		2DE038BE1F87729000429941 /* WhereIsMyMoneyTests.xctest */ = {isa = PBXFileReference; explicitFileType = wrapper.cfbundle; includeInIndex = 0; path = WhereIsMyMoneyTests.xctest; sourceTree = BUILT_PRODUCTS_DIR; };
		2DE038C21F87729000429941 /* WhereIsMyMoneyTests.swift */ = {isa = PBXFileReference; lastKnownFileType = sourcecode.swift; path = WhereIsMyMoneyTests.swift; sourceTree = "<group>"; };
		2DE038C41F87729000429941 /* Info.plist */ = {isa = PBXFileReference; lastKnownFileType = text.plist.xml; path = Info.plist; sourceTree = "<group>"; };
		2DE038C91F87729000429941 /* WhereIsMyMoneyUITests.xctest */ = {isa = PBXFileReference; explicitFileType = wrapper.cfbundle; includeInIndex = 0; path = WhereIsMyMoneyUITests.xctest; sourceTree = BUILT_PRODUCTS_DIR; };
		2DE038CD1F87729000429941 /* WhereIsMyMoneyUITests.swift */ = {isa = PBXFileReference; lastKnownFileType = sourcecode.swift; path = WhereIsMyMoneyUITests.swift; sourceTree = "<group>"; };
		2DE038CF1F87729000429941 /* Info.plist */ = {isa = PBXFileReference; lastKnownFileType = text.plist.xml; path = Info.plist; sourceTree = "<group>"; };
		2DE038E11F87737D00429941 /* CrCatCollectionViewCell.swift */ = {isa = PBXFileReference; fileEncoding = 4; lastKnownFileType = sourcecode.swift; path = CrCatCollectionViewCell.swift; sourceTree = "<group>"; };
		2DE038E31F8773A100429941 /* CategoryModel.swift */ = {isa = PBXFileReference; fileEncoding = 4; lastKnownFileType = sourcecode.swift; path = CategoryModel.swift; sourceTree = "<group>"; };
		2DE038E51F8773CA00429941 /* NewCategoryVC.swift */ = {isa = PBXFileReference; fileEncoding = 4; lastKnownFileType = sourcecode.swift; path = NewCategoryVC.swift; sourceTree = "<group>"; };
		2DE038E71F8773EE00429941 /* CategoryVC.swift */ = {isa = PBXFileReference; fileEncoding = 4; lastKnownFileType = sourcecode.swift; path = CategoryVC.swift; sourceTree = "<group>"; };
		2DF34CB41F8ABE5500DCE923 /* TransactionTableViewCell.swift */ = {isa = PBXFileReference; fileEncoding = 4; lastKnownFileType = sourcecode.swift; path = TransactionTableViewCell.swift; sourceTree = "<group>"; };
		2DFABE581F8A953300D7E5AA /* TransactionsVC.swift */ = {isa = PBXFileReference; fileEncoding = 4; lastKnownFileType = sourcecode.swift; path = TransactionsVC.swift; sourceTree = "<group>"; };
		2DFABE5A1F8A9F1600D7E5AA /* TransactionsModel.swift */ = {isa = PBXFileReference; fileEncoding = 4; lastKnownFileType = sourcecode.swift; path = TransactionsModel.swift; sourceTree = "<group>"; };
/* End PBXFileReference section */

/* Begin PBXFrameworksBuildPhase section */
		2DE038A71F87729000429941 /* Frameworks */ = {
			isa = PBXFrameworksBuildPhase;
			buildActionMask = 2147483647;
			files = (
			);
			runOnlyForDeploymentPostprocessing = 0;
		};
		2DE038BB1F87729000429941 /* Frameworks */ = {
			isa = PBXFrameworksBuildPhase;
			buildActionMask = 2147483647;
			files = (
			);
			runOnlyForDeploymentPostprocessing = 0;
		};
		2DE038C61F87729000429941 /* Frameworks */ = {
			isa = PBXFrameworksBuildPhase;
			buildActionMask = 2147483647;
			files = (
			);
			runOnlyForDeploymentPostprocessing = 0;
		};
/* End PBXFrameworksBuildPhase section */

/* Begin PBXGroup section */
		2DE038A11F87728F00429941 = {
			isa = PBXGroup;
			children = (
				2DE038AC1F87729000429941 /* WhereIsMyMoney */,
				2DE038C11F87729000429941 /* WhereIsMyMoneyTests */,
				2DE038CC1F87729000429941 /* WhereIsMyMoneyUITests */,
				2DE038AB1F87729000429941 /* Products */,
			);
			sourceTree = "<group>";
		};
		2DE038AB1F87729000429941 /* Products */ = {
			isa = PBXGroup;
			children = (
				2DE038AA1F87729000429941 /* WhereIsMyMoney.app */,
				2DE038BE1F87729000429941 /* WhereIsMyMoneyTests.xctest */,
				2DE038C91F87729000429941 /* WhereIsMyMoneyUITests.xctest */,
			);
			name = Products;
			sourceTree = "<group>";
		};
		2DE038AC1F87729000429941 /* WhereIsMyMoney */ = {
			isa = PBXGroup;
			children = (
				2DE038B11F87729000429941 /* Main.storyboard */,
				2DE038B41F87729000429941 /* Assets.xcassets */,
				2DE038DD1F8772BC00429941 /* Controllers */,
				2DE038DE1F8772D600429941 /* Models */,
				2DE038E01F87733D00429941 /* Cells */,
				2DE038DF1F8772EA00429941 /* Images */,
				2DE038DB1F87729C00429941 /* New Group */,
			);
			path = WhereIsMyMoney;
			sourceTree = "<group>";
		};
		2DE038C11F87729000429941 /* WhereIsMyMoneyTests */ = {
			isa = PBXGroup;
			children = (
				2DE038C21F87729000429941 /* WhereIsMyMoneyTests.swift */,
				2DE038C41F87729000429941 /* Info.plist */,
			);
			path = WhereIsMyMoneyTests;
			sourceTree = "<group>";
		};
		2DE038CC1F87729000429941 /* WhereIsMyMoneyUITests */ = {
			isa = PBXGroup;
			children = (
				2DE038CD1F87729000429941 /* WhereIsMyMoneyUITests.swift */,
				2DE038CF1F87729000429941 /* Info.plist */,
			);
			path = WhereIsMyMoneyUITests;
			sourceTree = "<group>";
		};
		2DE038DB1F87729C00429941 /* New Group */ = {
			isa = PBXGroup;
			children = (
				2DE038AD1F87729000429941 /* AppDelegate.swift */,
				2DE038B61F87729000429941 /* LaunchScreen.storyboard */,
				2DE038B91F87729000429941 /* Info.plist */,
			);
			name = "New Group";
			sourceTree = "<group>";
		};
		2DE038DD1F8772BC00429941 /* Controllers */ = {
			isa = PBXGroup;
			children = (
				2DE038E51F8773CA00429941 /* NewCategoryVC.swift */,
				2DE038E71F8773EE00429941 /* CategoryVC.swift */,
				2DFABE581F8A953300D7E5AA /* TransactionsVC.swift */,
			);
			name = Controllers;
			sourceTree = "<group>";
		};
		2DE038DE1F8772D600429941 /* Models */ = {
			isa = PBXGroup;
			children = (
				2DE038E31F8773A100429941 /* CategoryModel.swift */,
				2DB23C601F8A301A00D6E3EB /* DataMolel.swift */,
				2DFABE5A1F8A9F1600D7E5AA /* TransactionsModel.swift */,
			);
			name = Models;
			sourceTree = "<group>";
		};
		2DE038DF1F8772EA00429941 /* Images */ = {
			isa = PBXGroup;
			children = (
				2DB23C401F8A20EC00D6E3EB /* img_15.jpg */,
				2DB23C411F8A20EC00D6E3EB /* img_1.jpg */,
				2DB23C421F8A20EC00D6E3EB /* img_13.jpg */,
				2DB23C431F8A20EC00D6E3EB /* img_6.jpg */,
				2DB23C441F8A20EC00D6E3EB /* img_5.jpg */,
				2DB23C451F8A20EC00D6E3EB /* img_14.jpg */,
				2DB23C461F8A20EC00D6E3EB /* img_12.jpg */,
				2DB23C471F8A20EC00D6E3EB /* img_8.jpg */,
				2DB23C481F8A20EC00D6E3EB /* img_9.jpg */,
				2DB23C491F8A20EC00D6E3EB /* img_10.jpg */,
				2DB23C4A1F8A20EC00D6E3EB /* img_7.jpg */,
				2DB23C4B1F8A20EC00D6E3EB /* img_3.jpg */,
				2DB23C4C1F8A20EC00D6E3EB /* img_11.jpg */,
				2DB23C4D1F8A20EC00D6E3EB /* img_2.jpg */,
				2DB23C4E1F8A20EC00D6E3EB /* img_4.jpg */,
				2DB23C4F1F8A20EC00D6E3EB /* img_16.jpg */,
			);
			name = Images;
			sourceTree = "<group>";
		};
		2DE038E01F87733D00429941 /* Cells */ = {
			isa = PBXGroup;
			children = (
				2DE038E11F87737D00429941 /* CrCatCollectionViewCell.swift */,
				2DB23C3D1F8A1C5500D6E3EB /* NewTransCollectionViewCell.swift */,
				2DF34CB41F8ABE5500DCE923 /* TransactionTableViewCell.swift */,
			);
			name = Cells;
			sourceTree = "<group>";
		};
/* End PBXGroup section */

/* Begin PBXNativeTarget section */
		2DE038A91F87729000429941 /* WhereIsMyMoney */ = {
			isa = PBXNativeTarget;
			buildConfigurationList = 2DE038D21F87729000429941 /* Build configuration list for PBXNativeTarget "WhereIsMyMoney" */;
			buildPhases = (
				2DE038A61F87729000429941 /* Sources */,
				2DE038A71F87729000429941 /* Frameworks */,
				2DE038A81F87729000429941 /* Resources */,
			);
			buildRules = (
			);
			dependencies = (
			);
			name = WhereIsMyMoney;
			productName = WhereIsMyMoney;
			productReference = 2DE038AA1F87729000429941 /* WhereIsMyMoney.app */;
			productType = "com.apple.product-type.application";
		};
		2DE038BD1F87729000429941 /* WhereIsMyMoneyTests */ = {
			isa = PBXNativeTarget;
			buildConfigurationList = 2DE038D51F87729000429941 /* Build configuration list for PBXNativeTarget "WhereIsMyMoneyTests" */;
			buildPhases = (
				2DE038BA1F87729000429941 /* Sources */,
				2DE038BB1F87729000429941 /* Frameworks */,
				2DE038BC1F87729000429941 /* Resources */,
			);
			buildRules = (
			);
			dependencies = (
				2DE038C01F87729000429941 /* PBXTargetDependency */,
			);
			name = WhereIsMyMoneyTests;
			productName = WhereIsMyMoneyTests;
			productReference = 2DE038BE1F87729000429941 /* WhereIsMyMoneyTests.xctest */;
			productType = "com.apple.product-type.bundle.unit-test";
		};
		2DE038C81F87729000429941 /* WhereIsMyMoneyUITests */ = {
			isa = PBXNativeTarget;
			buildConfigurationList = 2DE038D81F87729000429941 /* Build configuration list for PBXNativeTarget "WhereIsMyMoneyUITests" */;
			buildPhases = (
				2DE038C51F87729000429941 /* Sources */,
				2DE038C61F87729000429941 /* Frameworks */,
				2DE038C71F87729000429941 /* Resources */,
			);
			buildRules = (
			);
			dependencies = (
				2DE038CB1F87729000429941 /* PBXTargetDependency */,
			);
			name = WhereIsMyMoneyUITests;
			productName = WhereIsMyMoneyUITests;
			productReference = 2DE038C91F87729000429941 /* WhereIsMyMoneyUITests.xctest */;
			productType = "com.apple.product-type.bundle.ui-testing";
		};
/* End PBXNativeTarget section */

/* Begin PBXProject section */
		2DE038A21F87728F00429941 /* Project object */ = {
			isa = PBXProject;
			attributes = {
				LastSwiftUpdateCheck = 0830;
				LastUpgradeCheck = 0830;
				ORGANIZATIONNAME = Volodymyr;
				TargetAttributes = {
					2DE038A91F87729000429941 = {
						CreatedOnToolsVersion = 8.3.3;
						LastSwiftMigration = 0830;
						ProvisioningStyle = Automatic;
					};
					2DE038BD1F87729000429941 = {
						CreatedOnToolsVersion = 8.3.3;
						ProvisioningStyle = Automatic;
						TestTargetID = 2DE038A91F87729000429941;
					};
					2DE038C81F87729000429941 = {
						CreatedOnToolsVersion = 8.3.3;
						ProvisioningStyle = Automatic;
						TestTargetID = 2DE038A91F87729000429941;
					};
				};
			};
			buildConfigurationList = 2DE038A51F87728F00429941 /* Build configuration list for PBXProject "WhereIsMyMoney" */;
			compatibilityVersion = "Xcode 3.2";
			developmentRegion = English;
			hasScannedForEncodings = 0;
			knownRegions = (
				en,
				Base,
			);
			mainGroup = 2DE038A11F87728F00429941;
			productRefGroup = 2DE038AB1F87729000429941 /* Products */;
			projectDirPath = "";
			projectRoot = "";
			targets = (
				2DE038A91F87729000429941 /* WhereIsMyMoney */,
				2DE038BD1F87729000429941 /* WhereIsMyMoneyTests */,
				2DE038C81F87729000429941 /* WhereIsMyMoneyUITests */,
			);
		};
/* End PBXProject section */

/* Begin PBXResourcesBuildPhase section */
		2DE038A81F87729000429941 /* Resources */ = {
			isa = PBXResourcesBuildPhase;
			buildActionMask = 2147483647;
			files = (
				2DE038B81F87729000429941 /* LaunchScreen.storyboard in Resources */,
				2DB23C551F8A20EC00D6E3EB /* img_14.jpg in Resources */,
				2DB23C541F8A20EC00D6E3EB /* img_5.jpg in Resources */,
				2DB23C5D1F8A20EC00D6E3EB /* img_2.jpg in Resources */,
				2DB23C5A1F8A20EC00D6E3EB /* img_7.jpg in Resources */,
				2DE038B51F87729000429941 /* Assets.xcassets in Resources */,
				2DE038B31F87729000429941 /* Main.storyboard in Resources */,
				2DB23C591F8A20EC00D6E3EB /* img_10.jpg in Resources */,
				2DB23C5E1F8A20EC00D6E3EB /* img_4.jpg in Resources */,
				2DB23C5C1F8A20EC00D6E3EB /* img_11.jpg in Resources */,
				2DB23C581F8A20EC00D6E3EB /* img_9.jpg in Resources */,
				2DB23C571F8A20EC00D6E3EB /* img_8.jpg in Resources */,
				2DB23C511F8A20EC00D6E3EB /* img_1.jpg in Resources */,
				2DB23C561F8A20EC00D6E3EB /* img_12.jpg in Resources */,
				2DB23C501F8A20EC00D6E3EB /* img_15.jpg in Resources */,
				2DB23C521F8A20EC00D6E3EB /* img_13.jpg in Resources */,
				2DB23C5F1F8A20EC00D6E3EB /* img_16.jpg in Resources */,
				2DB23C531F8A20EC00D6E3EB /* img_6.jpg in Resources */,
				2DB23C5B1F8A20EC00D6E3EB /* img_3.jpg in Resources */,
			);
			runOnlyForDeploymentPostprocessing = 0;
		};
		2DE038BC1F87729000429941 /* Resources */ = {
			isa = PBXResourcesBuildPhase;
			buildActionMask = 2147483647;
			files = (
			);
			runOnlyForDeploymentPostprocessing = 0;
		};
		2DE038C71F87729000429941 /* Resources */ = {
			isa = PBXResourcesBuildPhase;
			buildActionMask = 2147483647;
			files = (
			);
			runOnlyForDeploymentPostprocessing = 0;
		};
/* End PBXResourcesBuildPhase section */

/* Begin PBXSourcesBuildPhase section */
		2DE038A61F87729000429941 /* Sources */ = {
			isa = PBXSourcesBuildPhase;
			buildActionMask = 2147483647;
			files = (
				2DE038E81F8773EE00429941 /* CategoryVC.swift in Sources */,
				2DFABE591F8A953300D7E5AA /* TransactionsVC.swift in Sources */,
				2DB23C611F8A301A00D6E3EB /* DataMolel.swift in Sources */,
				2DE038E21F87737D00429941 /* CrCatCollectionViewCell.swift in Sources */,
				2DB23C3E1F8A1C5500D6E3EB /* NewTransCollectionViewCell.swift in Sources */,
				2DE038E41F8773A100429941 /* CategoryModel.swift in Sources */,
				2DF34CB51F8ABE5500DCE923 /* TransactionTableViewCell.swift in Sources */,
				2DE038AE1F87729000429941 /* AppDelegate.swift in Sources */,
				2DFABE5B1F8A9F1600D7E5AA /* TransactionsModel.swift in Sources */,
				2DE038E61F8773CA00429941 /* NewCategoryVC.swift in Sources */,
			);
			runOnlyForDeploymentPostprocessing = 0;
		};
		2DE038BA1F87729000429941 /* Sources */ = {
			isa = PBXSourcesBuildPhase;
			buildActionMask = 2147483647;
			files = (
				2DE038C31F87729000429941 /* WhereIsMyMoneyTests.swift in Sources */,
			);
			runOnlyForDeploymentPostprocessing = 0;
		};
		2DE038C51F87729000429941 /* Sources */ = {
			isa = PBXSourcesBuildPhase;
			buildActionMask = 2147483647;
			files = (
				2DE038CE1F87729000429941 /* WhereIsMyMoneyUITests.swift in Sources */,
			);
			runOnlyForDeploymentPostprocessing = 0;
		};
/* End PBXSourcesBuildPhase section */

/* Begin PBXTargetDependency section */
		2DE038C01F87729000429941 /* PBXTargetDependency */ = {
			isa = PBXTargetDependency;
			target = 2DE038A91F87729000429941 /* WhereIsMyMoney */;
			targetProxy = 2DE038BF1F87729000429941 /* PBXContainerItemProxy */;
		};
		2DE038CB1F87729000429941 /* PBXTargetDependency */ = {
			isa = PBXTargetDependency;
			target = 2DE038A91F87729000429941 /* WhereIsMyMoney */;
			targetProxy = 2DE038CA1F87729000429941 /* PBXContainerItemProxy */;
		};
/* End PBXTargetDependency section */

/* Begin PBXVariantGroup section */
		2DE038B11F87729000429941 /* Main.storyboard */ = {
			isa = PBXVariantGroup;
			children = (
				2DE038B21F87729000429941 /* Base */,
			);
			name = Main.storyboard;
			sourceTree = "<group>";
		};
		2DE038B61F87729000429941 /* LaunchScreen.storyboard */ = {
			isa = PBXVariantGroup;
			children = (
				2DE038B71F87729000429941 /* Base */,
			);
			name = LaunchScreen.storyboard;
			sourceTree = "<group>";
		};
/* End PBXVariantGroup section */

/* Begin XCBuildConfiguration section */
		2DE038D01F87729000429941 /* Debug */ = {
			isa = XCBuildConfiguration;
			buildSettings = {
				ALWAYS_SEARCH_USER_PATHS = NO;
				CLANG_ANALYZER_NONNULL = YES;
				CLANG_ANALYZER_NUMBER_OBJECT_CONVERSION = YES_AGGRESSIVE;
				CLANG_CXX_LANGUAGE_STANDARD = "gnu++0x";
				CLANG_CXX_LIBRARY = "libc++";
				CLANG_ENABLE_MODULES = YES;
				CLANG_ENABLE_OBJC_ARC = YES;
				CLANG_WARN_BOOL_CONVERSION = YES;
				CLANG_WARN_CONSTANT_CONVERSION = YES;
				CLANG_WARN_DIRECT_OBJC_ISA_USAGE = YES_ERROR;
				CLANG_WARN_DOCUMENTATION_COMMENTS = YES;
				CLANG_WARN_EMPTY_BODY = YES;
				CLANG_WARN_ENUM_CONVERSION = YES;
				CLANG_WARN_INFINITE_RECURSION = YES;
				CLANG_WARN_INT_CONVERSION = YES;
				CLANG_WARN_OBJC_ROOT_CLASS = YES_ERROR;
				CLANG_WARN_SUSPICIOUS_MOVE = YES;
				CLANG_WARN_UNREACHABLE_CODE = YES;
				CLANG_WARN__DUPLICATE_METHOD_MATCH = YES;
				"CODE_SIGN_IDENTITY[sdk=iphoneos*]" = "iPhone Developer";
				COPY_PHASE_STRIP = NO;
				DEBUG_INFORMATION_FORMAT = dwarf;
				ENABLE_STRICT_OBJC_MSGSEND = YES;
				ENABLE_TESTABILITY = YES;
				GCC_C_LANGUAGE_STANDARD = gnu99;
				GCC_DYNAMIC_NO_PIC = NO;
				GCC_NO_COMMON_BLOCKS = YES;
				GCC_OPTIMIZATION_LEVEL = 0;
				GCC_PREPROCESSOR_DEFINITIONS = (
					"DEBUG=1",
					"$(inherited)",
				);
				GCC_WARN_64_TO_32_BIT_CONVERSION = YES;
				GCC_WARN_ABOUT_RETURN_TYPE = YES_ERROR;
				GCC_WARN_UNDECLARED_SELECTOR = YES;
				GCC_WARN_UNINITIALIZED_AUTOS = YES_AGGRESSIVE;
				GCC_WARN_UNUSED_FUNCTION = YES;
				GCC_WARN_UNUSED_VARIABLE = YES;
				IPHONEOS_DEPLOYMENT_TARGET = 10.3;
				MTL_ENABLE_DEBUG_INFO = YES;
				ONLY_ACTIVE_ARCH = YES;
				SDKROOT = iphoneos;
				SWIFT_ACTIVE_COMPILATION_CONDITIONS = DEBUG;
				SWIFT_OPTIMIZATION_LEVEL = "-Onone";
				TARGETED_DEVICE_FAMILY = "1,2";
			};
			name = Debug;
		};
		2DE038D11F87729000429941 /* Release */ = {
			isa = XCBuildConfiguration;
			buildSettings = {
				ALWAYS_SEARCH_USER_PATHS = NO;
				CLANG_ANALYZER_NONNULL = YES;
				CLANG_ANALYZER_NUMBER_OBJECT_CONVERSION = YES_AGGRESSIVE;
				CLANG_CXX_LANGUAGE_STANDARD = "gnu++0x";
				CLANG_CXX_LIBRARY = "libc++";
				CLANG_ENABLE_MODULES = YES;
				CLANG_ENABLE_OBJC_ARC = YES;
				CLANG_WARN_BOOL_CONVERSION = YES;
				CLANG_WARN_CONSTANT_CONVERSION = YES;
				CLANG_WARN_DIRECT_OBJC_ISA_USAGE = YES_ERROR;
				CLANG_WARN_DOCUMENTATION_COMMENTS = YES;
				CLANG_WARN_EMPTY_BODY = YES;
				CLANG_WARN_ENUM_CONVERSION = YES;
				CLANG_WARN_INFINITE_RECURSION = YES;
				CLANG_WARN_INT_CONVERSION = YES;
				CLANG_WARN_OBJC_ROOT_CLASS = YES_ERROR;
				CLANG_WARN_SUSPICIOUS_MOVE = YES;
				CLANG_WARN_UNREACHABLE_CODE = YES;
				CLANG_WARN__DUPLICATE_METHOD_MATCH = YES;
				"CODE_SIGN_IDENTITY[sdk=iphoneos*]" = "iPhone Developer";
				COPY_PHASE_STRIP = NO;
				DEBUG_INFORMATION_FORMAT = "dwarf-with-dsym";
				ENABLE_NS_ASSERTIONS = NO;
				ENABLE_STRICT_OBJC_MSGSEND = YES;
				GCC_C_LANGUAGE_STANDARD = gnu99;
				GCC_NO_COMMON_BLOCKS = YES;
				GCC_WARN_64_TO_32_BIT_CONVERSION = YES;
				GCC_WARN_ABOUT_RETURN_TYPE = YES_ERROR;
				GCC_WARN_UNDECLARED_SELECTOR = YES;
				GCC_WARN_UNINITIALIZED_AUTOS = YES_AGGRESSIVE;
				GCC_WARN_UNUSED_FUNCTION = YES;
				GCC_WARN_UNUSED_VARIABLE = YES;
				IPHONEOS_DEPLOYMENT_TARGET = 10.3;
				MTL_ENABLE_DEBUG_INFO = NO;
				SDKROOT = iphoneos;
				SWIFT_OPTIMIZATION_LEVEL = "-Owholemodule";
				TARGETED_DEVICE_FAMILY = "1,2";
				VALIDATE_PRODUCT = YES;
			};
			name = Release;
		};
		2DE038D31F87729000429941 /* Debug */ = {
			isa = XCBuildConfiguration;
			buildSettings = {
				ASSETCATALOG_COMPILER_APPICON_NAME = AppIcon;
				CLANG_ENABLE_MODULES = YES;
				INFOPLIST_FILE = WhereIsMyMoney/Info.plist;
				LD_RUNPATH_SEARCH_PATHS = "$(inherited) @executable_path/Frameworks";
				PRODUCT_BUNDLE_IDENTIFIER = com.vo.WhereIsMyMoney;
				PRODUCT_NAME = "$(TARGET_NAME)";
				SWIFT_OPTIMIZATION_LEVEL = "-Onone";
				SWIFT_VERSION = 3.0;
			};
			name = Debug;
		};
		2DE038D41F87729000429941 /* Release */ = {
			isa = XCBuildConfiguration;
			buildSettings = {
				ASSETCATALOG_COMPILER_APPICON_NAME = AppIcon;
				CLANG_ENABLE_MODULES = YES;
				INFOPLIST_FILE = WhereIsMyMoney/Info.plist;
				LD_RUNPATH_SEARCH_PATHS = "$(inherited) @executable_path/Frameworks";
				PRODUCT_BUNDLE_IDENTIFIER = com.vo.WhereIsMyMoney;
				PRODUCT_NAME = "$(TARGET_NAME)";
				SWIFT_VERSION = 3.0;
			};
			name = Release;
		};
		2DE038D61F87729000429941 /* Debug */ = {
			isa = XCBuildConfiguration;
			buildSettings = {
				ALWAYS_EMBED_SWIFT_STANDARD_LIBRARIES = YES;
				BUNDLE_LOADER = "$(TEST_HOST)";
				INFOPLIST_FILE = WhereIsMyMoneyTests/Info.plist;
				LD_RUNPATH_SEARCH_PATHS = "$(inherited) @executable_path/Frameworks @loader_path/Frameworks";
				PRODUCT_BUNDLE_IDENTIFIER = com.vo.WhereIsMyMoneyTests;
				PRODUCT_NAME = "$(TARGET_NAME)";
				SWIFT_VERSION = 3.0;
				TEST_HOST = "$(BUILT_PRODUCTS_DIR)/WhereIsMyMoney.app/WhereIsMyMoney";
			};
			name = Debug;
		};
		2DE038D71F87729000429941 /* Release */ = {
			isa = XCBuildConfiguration;
			buildSettings = {
				ALWAYS_EMBED_SWIFT_STANDARD_LIBRARIES = YES;
				BUNDLE_LOADER = "$(TEST_HOST)";
				INFOPLIST_FILE = WhereIsMyMoneyTests/Info.plist;
				LD_RUNPATH_SEARCH_PATHS = "$(inherited) @executable_path/Frameworks @loader_path/Frameworks";
				PRODUCT_BUNDLE_IDENTIFIER = com.vo.WhereIsMyMoneyTests;
				PRODUCT_NAME = "$(TARGET_NAME)";
				SWIFT_VERSION = 3.0;
				TEST_HOST = "$(BUILT_PRODUCTS_DIR)/WhereIsMyMoney.app/WhereIsMyMoney";
			};
			name = Release;
		};
		2DE038D91F87729000429941 /* Debug */ = {
			isa = XCBuildConfiguration;
			buildSettings = {
				ALWAYS_EMBED_SWIFT_STANDARD_LIBRARIES = YES;
				INFOPLIST_FILE = WhereIsMyMoneyUITests/Info.plist;
				LD_RUNPATH_SEARCH_PATHS = "$(inherited) @executable_path/Frameworks @loader_path/Frameworks";
				PRODUCT_BUNDLE_IDENTIFIER = com.vo.WhereIsMyMoneyUITests;
				PRODUCT_NAME = "$(TARGET_NAME)";
				SWIFT_VERSION = 3.0;
				TEST_TARGET_NAME = WhereIsMyMoney;
			};
			name = Debug;
		};
		2DE038DA1F87729000429941 /* Release */ = {
			isa = XCBuildConfiguration;
			buildSettings = {
				ALWAYS_EMBED_SWIFT_STANDARD_LIBRARIES = YES;
				INFOPLIST_FILE = WhereIsMyMoneyUITests/Info.plist;
				LD_RUNPATH_SEARCH_PATHS = "$(inherited) @executable_path/Frameworks @loader_path/Frameworks";
				PRODUCT_BUNDLE_IDENTIFIER = com.vo.WhereIsMyMoneyUITests;
				PRODUCT_NAME = "$(TARGET_NAME)";
				SWIFT_VERSION = 3.0;
				TEST_TARGET_NAME = WhereIsMyMoney;
			};
			name = Release;
		};
/* End XCBuildConfiguration section */

/* Begin XCConfigurationList section */
		2DE038A51F87728F00429941 /* Build configuration list for PBXProject "WhereIsMyMoney" */ = {
			isa = XCConfigurationList;
			buildConfigurations = (
				2DE038D01F87729000429941 /* Debug */,
				2DE038D11F87729000429941 /* Release */,
			);
			defaultConfigurationIsVisible = 0;
			defaultConfigurationName = Release;
		};
		2DE038D21F87729000429941 /* Build configuration list for PBXNativeTarget "WhereIsMyMoney" */ = {
			isa = XCConfigurationList;
			buildConfigurations = (
				2DE038D31F87729000429941 /* Debug */,
				2DE038D41F87729000429941 /* Release */,
			);
			defaultConfigurationIsVisible = 0;
			defaultConfigurationName = Release;
		};
		2DE038D51F87729000429941 /* Build configuration list for PBXNativeTarget "WhereIsMyMoneyTests" */ = {
			isa = XCConfigurationList;
			buildConfigurations = (
				2DE038D61F87729000429941 /* Debug */,
				2DE038D71F87729000429941 /* Release */,
			);
			defaultConfigurationIsVisible = 0;
			defaultConfigurationName = Release;
		};
		2DE038D81F87729000429941 /* Build configuration list for PBXNativeTarget "WhereIsMyMoneyUITests" */ = {
			isa = XCConfigurationList;
			buildConfigurations = (
				2DE038D91F87729000429941 /* Debug */,
				2DE038DA1F87729000429941 /* Release */,
			);
			defaultConfigurationIsVisible = 0;
			defaultConfigurationName = Release;
		};
/* End XCConfigurationList section */
	};
	rootObject = 2DE038A21F87728F00429941 /* Project object */;
}
